
Microsoft Visual Studio Solution File, Format Version 12.00
# Visual Studio Version 17
VisualStudioVersion = 17.14.36327.8 d17.14
MinimumVisualStudioVersion = 10.0.40219.1
Project("{FAE04EC0-301F-11D3-BF4B-00C04F79EFBC}") = "FitnessApp", "FitnessApp.csproj", "{B33703CD-79FF-4B2D-9A10-9185C8A502A3}"
EndProject
Global
	GlobalSection(SolutionConfigurationPlatforms) = preSolution
		Debug|Any CPU = Debug|Any CPU
		Release|Any CPU = Release|Any CPU
	EndGlobalSection
	GlobalSection(ProjectConfigurationPlatforms) = postSolution
		{B33703CD-79FF-4B2D-9A10-9185C8A502A3}.Debug|Any CPU.ActiveCfg = Debug|Any CPU
		{B33703CD-79FF-4B2D-9A10-9185C8A502A3}.Debug|Any CPU.Build.0 = Debug|Any CPU
		{B33703CD-79FF-4B2D-9A10-9185C8A502A3}.Release|Any CPU.ActiveCfg = Release|Any CPU
		{B33703CD-79FF-4B2D-9A10-9185C8A502A3}.Release|Any CPU.Build.0 = Release|Any CPU
	EndGlobalSection
	GlobalSection(SolutionProperties) = preSolution
		HideSolutionNode = FALSE
	EndGlobalSection
	GlobalSection(ExtensibilityGlobals) = postSolution
		SolutionGuid = {A93972BD-C11C-4BCF-85DB-BFB1095937B7}
	EndGlobalSection
EndGlobal
